
Microsoft Visual Studio Solution File, Format Version 12.00
# Visual Studio Version 17
VisualStudioVersion = 17.2.32616.157
MinimumVisualStudioVersion = 10.0.40219.1
Project("{FAE04EC0-301F-11D3-BF4B-00C04F79EFBC}") = "SortArrayEg", "SortArrayEg.csproj", "{074E296D-1416-49EA-8B24-D14EC177E5BB}"
EndProject
Global
	GlobalSection(SolutionConfigurationPlatforms) = preSolution
		Debug|Any CPU = Debug|Any CPU
		Release|Any CPU = Release|Any CPU
	EndGlobalSection
	GlobalSection(ProjectConfigurationPlatforms) = postSolution
		{074E296D-1416-49EA-8B24-D14EC177E5BB}.Debug|Any CPU.ActiveCfg = Debug|Any CPU
		{074E296D-1416-49EA-8B24-D14EC177E5BB}.Debug|Any CPU.Build.0 = Debug|Any CPU
		{074E296D-1416-49EA-8B24-D14EC177E5BB}.Release|Any CPU.ActiveCfg = Release|Any CPU
		{074E296D-1416-49EA-8B24-D14EC177E5BB}.Release|Any CPU.Build.0 = Release|Any CPU
	EndGlobalSection
	GlobalSection(SolutionProperties) = preSolution
		HideSolutionNode = FALSE
	EndGlobalSection
	GlobalSection(ExtensibilityGlobals) = postSolution
		SolutionGuid = {FB55420D-A984-4B25-8BF9-EA09E8AB7B4B}
	EndGlobalSection
EndGlobal
